
Microsoft Visual Studio Solution File, Format Version 12.00
# Visual Studio Version 17
VisualStudioVersion = 17.12.35707.178
MinimumVisualStudioVersion = 10.0.40219.1
Project("{FAE04EC0-301F-11D3-BF4B-00C04F79EFBC}") = "ASPA005_1", "ASPA005_1\ASPA005_1.csproj", "{23F60F73-DB23-4810-B689-DA6C25C5A707}"
EndProject
Project("{FAE04EC0-301F-11D3-BF4B-00C04F79EFBC}") = "ASPA005_2", "ASPA005_2\ASPA005_2.csproj", "{7092918E-0593-42C4-B47B-553A29A895EB}"
EndProject
Project("{FAE04EC0-301F-11D3-BF4B-00C04F79EFBC}") = "ASPA005_3", "ASPA005_3\ASPA005_3.csproj", "{F21747DF-E26F-4733-A508-FB5DEAAD0383}"
EndProject
Project("{FAE04EC0-301F-11D3-BF4B-00C04F79EFBC}") = "Test_ASPA005_3", "Test_ASPA005_3\Test_ASPA005_3.csproj", "{13968AAA-6149-4B1B-9BBB-358CEA800114}"
EndProject
Global
	GlobalSection(SolutionConfigurationPlatforms) = preSolution
		Debug|Any CPU = Debug|Any CPU
		Release|Any CPU = Release|Any CPU
	EndGlobalSection
	GlobalSection(ProjectConfigurationPlatforms) = postSolution
		{23F60F73-DB23-4810-B689-DA6C25C5A707}.Debug|Any CPU.ActiveCfg = Debug|Any CPU
		{23F60F73-DB23-4810-B689-DA6C25C5A707}.Debug|Any CPU.Build.0 = Debug|Any CPU
		{23F60F73-DB23-4810-B689-DA6C25C5A707}.Release|Any CPU.ActiveCfg = Release|Any CPU
		{23F60F73-DB23-4810-B689-DA6C25C5A707}.Release|Any CPU.Build.0 = Release|Any CPU
		{7092918E-0593-42C4-B47B-553A29A895EB}.Debug|Any CPU.ActiveCfg = Debug|Any CPU
		{7092918E-0593-42C4-B47B-553A29A895EB}.Debug|Any CPU.Build.0 = Debug|Any CPU
		{7092918E-0593-42C4-B47B-553A29A895EB}.Release|Any CPU.ActiveCfg = Release|Any CPU
		{7092918E-0593-42C4-B47B-553A29A895EB}.Release|Any CPU.Build.0 = Release|Any CPU
		{F21747DF-E26F-4733-A508-FB5DEAAD0383}.Debug|Any CPU.ActiveCfg = Debug|Any CPU
		{F21747DF-E26F-4733-A508-FB5DEAAD0383}.Debug|Any CPU.Build.0 = Debug|Any CPU
		{F21747DF-E26F-4733-A508-FB5DEAAD0383}.Release|Any CPU.ActiveCfg = Release|Any CPU
		{F21747DF-E26F-4733-A508-FB5DEAAD0383}.Release|Any CPU.Build.0 = Release|Any CPU
		{13968AAA-6149-4B1B-9BBB-358CEA800114}.Debug|Any CPU.ActiveCfg = Debug|Any CPU
		{13968AAA-6149-4B1B-9BBB-358CEA800114}.Debug|Any CPU.Build.0 = Debug|Any CPU
		{13968AAA-6149-4B1B-9BBB-358CEA800114}.Release|Any CPU.ActiveCfg = Release|Any CPU
		{13968AAA-6149-4B1B-9BBB-358CEA800114}.Release|Any CPU.Build.0 = Release|Any CPU
	EndGlobalSection
	GlobalSection(SolutionProperties) = preSolution
		HideSolutionNode = FALSE
	EndGlobalSection
EndGlobal
